{
  "meteor": {
    "git": "https://github.com/meteor/meteor.git",
    "tag": "release/0.8.0-rc7",
    "commit": "172f709a5ff5f1186455604b90d8b45d64cba8f9"
  },
  "dependencies": {
    "basePackages": {
      "iron-router": {},
      "bootstrap-3": {},
      "font-awesome": {},
      "moment": {},
      "jquery-imagesloaded": {},
      "isotope-repackaged": {},
      "external-file-loader": {},
      "iron-router-auth": {},
      "simple-schema": {},
      "autoform": {},
      "roles": {},
      "sp-epic-editor": {}
    },
    "packages": {
      "iron-router": {
        "git": "https://github.com/EventedMind/iron-router.git",
        "tag": "v0.7.1",
        "commit": "d1ffb3f06ea4c112132b030f2eb1a70b81675ecb"
      },
      "bootstrap-3": {
        "git": "https://github.com/mangasocial/meteor-bootstrap-3.git",
        "tag": "v3.1.1-1",
        "commit": "63dd38968828bb8963636df93e9a1c45e2dfe67e"
      },
      "font-awesome": {
        "git": "https://github.com/nate-strauser/meteor-font-awesome.git",
        "tag": "v4.0.3",
        "commit": "61e9361384347547ae144f8228faa4deffda23db"
      },
      "moment": {
        "git": "https://github.com/acreeger/meteor-moment.git",
        "tag": "v2.5.1",
        "commit": "8c9bc5d3fc96705057737cb9743d555417f6e551"
      },
      "jquery-imagesloaded": {
        "git": "https://github.com/waltyuyu/meteor-jquery-imagesloaded.git",
        "tag": "v0.0.2",
        "commit": "90bd930cb149c3b1f2f04e08e69e736b2ea1005a"
      },
      "isotope-repackaged": {
        "git": "https://github.com/mangasocial/meteor-isotope-repackaged.git",
        "tag": "v0.0.2",
        "commit": "b94e1f6b12237f46ef59a0f0477453e96adcd42f"
      },
      "external-file-loader": {
        "git": "https://github.com/davidd8/meteor-external-file-loader.git",
        "tag": "v0.1.4",
        "commit": "352694a7cf906b8241161c2fd1435161c1d5409f"
      },
      "iron-router-auth": {
        "git": "https://github.com/XpressiveCode/iron-router-auth.git",
        "tag": "v0.2.0",
        "commit": "f868799c5b6511813abe1b3d3ed29f25f10099a0"
      },
      "simple-schema": {
        "git": "https://github.com/aldeed/meteor-simple-schema.git",
        "tag": "v0.4.0",
        "commit": "2cc6aac0d35a4e00b065c1437d540b2aefba5241"
      },
      "autoform": {
        "git": "https://github.com/aldeed/meteor-autoform.git",
        "tag": "v0.7.2",
        "commit": "5d3265ab2607949ca776a45411ce11072413546d"
      },
      "roles": {
        "git": "https://github.com/alanning/meteor-roles.git",
        "tag": "v1.2.8",
        "commit": "68844ba216c348d332bdb840825850f497f515bb"
      },
      "sp-epic-editor": {
        "git": "https://bitbucket.org/parhelium/sp-epic-editor",
        "tag": "v0.0.3",
        "commit": "1de330c49a955411d40647bdfdf6a3625c7447e6"
      },
      "blaze-layout": {
        "git": "https://github.com/EventedMind/blaze-layout.git",
        "tag": "v0.2.4",
        "commit": "b40e9b0612329288d75cf52ad14a7da64bb8618f"
      },
      "collection2": {
        "git": "https://github.com/aldeed/meteor-collection2.git",
        "tag": "v0.3.11",
        "commit": "7e970671305657678e8508d8107d5e6c5e158559"
      }
    }
  }
}
